
Microsoft Visual Studio Solution File, Format Version 11.00
# Visual Basic Express 2010
Project("{F184B08F-C81C-45F6-A57F-5ABD9991F28F}") = "practice_4", "practice_4\practice_4.vbproj", "{0D0EC6A7-90F2-4E84-BD03-BD95A21D909F}"
EndProject
Global
	GlobalSection(SolutionConfigurationPlatforms) = preSolution
		Debug|x86 = Debug|x86
		Release|x86 = Release|x86
	EndGlobalSection
	GlobalSection(ProjectConfigurationPlatforms) = postSolution
		{0D0EC6A7-90F2-4E84-BD03-BD95A21D909F}.Debug|x86.ActiveCfg = Debug|x86
		{0D0EC6A7-90F2-4E84-BD03-BD95A21D909F}.Debug|x86.Build.0 = Debug|x86
		{0D0EC6A7-90F2-4E84-BD03-BD95A21D909F}.Release|x86.ActiveCfg = Release|x86
		{0D0EC6A7-90F2-4E84-BD03-BD95A21D909F}.Release|x86.Build.0 = Release|x86
	EndGlobalSection
	GlobalSection(SolutionProperties) = preSolution
		HideSolutionNode = FALSE
	EndGlobalSection
EndGlobal
